// !$*UTF8*$!
{
	archiveVersion = 1;
	classes = {
	};
	objectVersion = 50;
	objects = {

/* Begin PBXBuildFile section */
		548A40BB9429406C21FF3C79 /* Pods_Desafio_Framework_DigitalTests.framework in Frameworks */ = {isa = PBXBuildFile; fileRef = CE9A9E55EE28F158E8A84D1D /* Pods_Desafio_Framework_DigitalTests.framework */; };
		7FD99F4E0FEDE3E992715D4D /* Pods_Desafio_Framework_Digital.framework in Frameworks */ = {isa = PBXBuildFile; fileRef = 5803C2EFB3177D42EC500C9F /* Pods_Desafio_Framework_Digital.framework */; };
		B0EB8C89E3C03CAE72ED9AB3 /* Pods_Desafio_Framework_Digital_Desafio_Framework_DigitalUITests.framework in Frameworks */ = {isa = PBXBuildFile; fileRef = 295B186D71EFCAAC505A94E4 /* Pods_Desafio_Framework_Digital_Desafio_Framework_DigitalUITests.framework */; };
		FDDCE53E26CDD03F003F25FB /* AppDelegate.swift in Sources */ = {isa = PBXBuildFile; fileRef = FDDCE53D26CDD03F003F25FB /* AppDelegate.swift */; };
		FDDCE54026CDD03F003F25FB /* SceneDelegate.swift in Sources */ = {isa = PBXBuildFile; fileRef = FDDCE53F26CDD03F003F25FB /* SceneDelegate.swift */; };
		FDDCE54226CDD03F003F25FB /* ViewController.swift in Sources */ = {isa = PBXBuildFile; fileRef = FDDCE54126CDD03F003F25FB /* ViewController.swift */; };
		FDDCE54526CDD03F003F25FB /* Main.storyboard in Resources */ = {isa = PBXBuildFile; fileRef = FDDCE54326CDD03F003F25FB /* Main.storyboard */; };
		FDDCE54826CDD03F003F25FB /* Desafio_Framework_Digital.xcdatamodeld in Sources */ = {isa = PBXBuildFile; fileRef = FDDCE54626CDD03F003F25FB /* Desafio_Framework_Digital.xcdatamodeld */; };
		FDDCE54A26CDD045003F25FB /* Assets.xcassets in Resources */ = {isa = PBXBuildFile; fileRef = FDDCE54926CDD045003F25FB /* Assets.xcassets */; };
		FDDCE54D26CDD045003F25FB /* LaunchScreen.storyboard in Resources */ = {isa = PBXBuildFile; fileRef = FDDCE54B26CDD045003F25FB /* LaunchScreen.storyboard */; };
		FDDCE55826CDD045003F25FB /* Desafio_Framework_DigitalTests.swift in Sources */ = {isa = PBXBuildFile; fileRef = FDDCE55726CDD045003F25FB /* Desafio_Framework_DigitalTests.swift */; };
		FDDCE56326CDD045003F25FB /* Desafio_Framework_DigitalUITests.swift in Sources */ = {isa = PBXBuildFile; fileRef = FDDCE56226CDD045003F25FB /* Desafio_Framework_DigitalUITests.swift */; };
/* End PBXBuildFile section */

/* Begin PBXContainerItemProxy section */
		FDDCE55426CDD045003F25FB /* PBXContainerItemProxy */ = {
			isa = PBXContainerItemProxy;
			containerPortal = FDDCE53226CDD03F003F25FB /* Project object */;
			proxyType = 1;
			remoteGlobalIDString = FDDCE53926CDD03F003F25FB;
			remoteInfo = "Desafio Framework Digital";
		};
		FDDCE55F26CDD045003F25FB /* PBXContainerItemProxy */ = {
			isa = PBXContainerItemProxy;
			containerPortal = FDDCE53226CDD03F003F25FB /* Project object */;
			proxyType = 1;
			remoteGlobalIDString = FDDCE53926CDD03F003F25FB;
			remoteInfo = "Desafio Framework Digital";
		};
/* End PBXContainerItemProxy section */

/* Begin PBXFileReference section */
		295B186D71EFCAAC505A94E4 /* Pods_Desafio_Framework_Digital_Desafio_Framework_DigitalUITests.framework */ = {isa = PBXFileReference; explicitFileType = wrapper.framework; includeInIndex = 0; path = Pods_Desafio_Framework_Digital_Desafio_Framework_DigitalUITests.framework; sourceTree = BUILT_PRODUCTS_DIR; };
		2A645213807C581A4A0CF89A /* Pods-Desafio Framework DigitalTests.debug.xcconfig */ = {isa = PBXFileReference; includeInIndex = 1; lastKnownFileType = text.xcconfig; name = "Pods-Desafio Framework DigitalTests.debug.xcconfig"; path = "Target Support Files/Pods-Desafio Framework DigitalTests/Pods-Desafio Framework DigitalTests.debug.xcconfig"; sourceTree = "<group>"; };
		5803C2EFB3177D42EC500C9F /* Pods_Desafio_Framework_Digital.framework */ = {isa = PBXFileReference; explicitFileType = wrapper.framework; includeInIndex = 0; path = Pods_Desafio_Framework_Digital.framework; sourceTree = BUILT_PRODUCTS_DIR; };
		67B321C26876583CF687709B /* Pods-Desafio Framework DigitalTests.release.xcconfig */ = {isa = PBXFileReference; includeInIndex = 1; lastKnownFileType = text.xcconfig; name = "Pods-Desafio Framework DigitalTests.release.xcconfig"; path = "Target Support Files/Pods-Desafio Framework DigitalTests/Pods-Desafio Framework DigitalTests.release.xcconfig"; sourceTree = "<group>"; };
		70E071CE776D2839C5FB6C32 /* Pods-Desafio Framework Digital-Desafio Framework DigitalUITests.debug.xcconfig */ = {isa = PBXFileReference; includeInIndex = 1; lastKnownFileType = text.xcconfig; name = "Pods-Desafio Framework Digital-Desafio Framework DigitalUITests.debug.xcconfig"; path = "Target Support Files/Pods-Desafio Framework Digital-Desafio Framework DigitalUITests/Pods-Desafio Framework Digital-Desafio Framework DigitalUITests.debug.xcconfig"; sourceTree = "<group>"; };
		769A9D09D7D43785A74719CB /* Pods-Desafio Framework Digital-Desafio Framework DigitalUITests.release.xcconfig */ = {isa = PBXFileReference; includeInIndex = 1; lastKnownFileType = text.xcconfig; name = "Pods-Desafio Framework Digital-Desafio Framework DigitalUITests.release.xcconfig"; path = "Target Support Files/Pods-Desafio Framework Digital-Desafio Framework DigitalUITests/Pods-Desafio Framework Digital-Desafio Framework DigitalUITests.release.xcconfig"; sourceTree = "<group>"; };
		BEA30216808B4F876810C5B9 /* Pods-Desafio Framework Digital.release.xcconfig */ = {isa = PBXFileReference; includeInIndex = 1; lastKnownFileType = text.xcconfig; name = "Pods-Desafio Framework Digital.release.xcconfig"; path = "Target Support Files/Pods-Desafio Framework Digital/Pods-Desafio Framework Digital.release.xcconfig"; sourceTree = "<group>"; };
		CE9A9E55EE28F158E8A84D1D /* Pods_Desafio_Framework_DigitalTests.framework */ = {isa = PBXFileReference; explicitFileType = wrapper.framework; includeInIndex = 0; path = Pods_Desafio_Framework_DigitalTests.framework; sourceTree = BUILT_PRODUCTS_DIR; };
		D87BFB185D13A7B18277C626 /* Pods-Desafio Framework Digital.debug.xcconfig */ = {isa = PBXFileReference; includeInIndex = 1; lastKnownFileType = text.xcconfig; name = "Pods-Desafio Framework Digital.debug.xcconfig"; path = "Target Support Files/Pods-Desafio Framework Digital/Pods-Desafio Framework Digital.debug.xcconfig"; sourceTree = "<group>"; };
		FDDCE53A26CDD03F003F25FB /* Desafio Framework Digital.app */ = {isa = PBXFileReference; explicitFileType = wrapper.application; includeInIndex = 0; path = "Desafio Framework Digital.app"; sourceTree = BUILT_PRODUCTS_DIR; };
		FDDCE53D26CDD03F003F25FB /* AppDelegate.swift */ = {isa = PBXFileReference; lastKnownFileType = sourcecode.swift; path = AppDelegate.swift; sourceTree = "<group>"; };
		FDDCE53F26CDD03F003F25FB /* SceneDelegate.swift */ = {isa = PBXFileReference; lastKnownFileType = sourcecode.swift; path = SceneDelegate.swift; sourceTree = "<group>"; };
		FDDCE54126CDD03F003F25FB /* ViewController.swift */ = {isa = PBXFileReference; lastKnownFileType = sourcecode.swift; path = ViewController.swift; sourceTree = "<group>"; };
		FDDCE54426CDD03F003F25FB /* Base */ = {isa = PBXFileReference; lastKnownFileType = file.storyboard; name = Base; path = Base.lproj/Main.storyboard; sourceTree = "<group>"; };
		FDDCE54726CDD03F003F25FB /* Desafio_Framework_Digital.xcdatamodel */ = {isa = PBXFileReference; lastKnownFileType = wrapper.xcdatamodel; path = Desafio_Framework_Digital.xcdatamodel; sourceTree = "<group>"; };
		FDDCE54926CDD045003F25FB /* Assets.xcassets */ = {isa = PBXFileReference; lastKnownFileType = folder.assetcatalog; path = Assets.xcassets; sourceTree = "<group>"; };
		FDDCE54C26CDD045003F25FB /* Base */ = {isa = PBXFileReference; lastKnownFileType = file.storyboard; name = Base; path = Base.lproj/LaunchScreen.storyboard; sourceTree = "<group>"; };
		FDDCE54E26CDD045003F25FB /* Info.plist */ = {isa = PBXFileReference; lastKnownFileType = text.plist.xml; path = Info.plist; sourceTree = "<group>"; };
		FDDCE55326CDD045003F25FB /* Desafio Framework DigitalTests.xctest */ = {isa = PBXFileReference; explicitFileType = wrapper.cfbundle; includeInIndex = 0; path = "Desafio Framework DigitalTests.xctest"; sourceTree = BUILT_PRODUCTS_DIR; };
		FDDCE55726CDD045003F25FB /* Desafio_Framework_DigitalTests.swift */ = {isa = PBXFileReference; lastKnownFileType = sourcecode.swift; path = Desafio_Framework_DigitalTests.swift; sourceTree = "<group>"; };
		FDDCE55926CDD045003F25FB /* Info.plist */ = {isa = PBXFileReference; lastKnownFileType = text.plist.xml; path = Info.plist; sourceTree = "<group>"; };
		FDDCE55E26CDD045003F25FB /* Desafio Framework DigitalUITests.xctest */ = {isa = PBXFileReference; explicitFileType = wrapper.cfbundle; includeInIndex = 0; path = "Desafio Framework DigitalUITests.xctest"; sourceTree = BUILT_PRODUCTS_DIR; };
		FDDCE56226CDD045003F25FB /* Desafio_Framework_DigitalUITests.swift */ = {isa = PBXFileReference; lastKnownFileType = sourcecode.swift; path = Desafio_Framework_DigitalUITests.swift; sourceTree = "<group>"; };
		FDDCE56426CDD045003F25FB /* Info.plist */ = {isa = PBXFileReference; lastKnownFileType = text.plist.xml; path = Info.plist; sourceTree = "<group>"; };
/* End PBXFileReference section */

/* Begin PBXFrameworksBuildPhase section */
		FDDCE53726CDD03F003F25FB /* Frameworks */ = {
			isa = PBXFrameworksBuildPhase;
			buildActionMask = 2147483647;
			files = (
				7FD99F4E0FEDE3E992715D4D /* Pods_Desafio_Framework_Digital.framework in Frameworks */,
			);
			runOnlyForDeploymentPostprocessing = 0;
		};
		FDDCE55026CDD045003F25FB /* Frameworks */ = {
			isa = PBXFrameworksBuildPhase;
			buildActionMask = 2147483647;
			files = (
				548A40BB9429406C21FF3C79 /* Pods_Desafio_Framework_DigitalTests.framework in Frameworks */,
			);
			runOnlyForDeploymentPostprocessing = 0;
		};
		FDDCE55B26CDD045003F25FB /* Frameworks */ = {
			isa = PBXFrameworksBuildPhase;
			buildActionMask = 2147483647;
			files = (
				B0EB8C89E3C03CAE72ED9AB3 /* Pods_Desafio_Framework_Digital_Desafio_Framework_DigitalUITests.framework in Frameworks */,
			);
			runOnlyForDeploymentPostprocessing = 0;
		};
/* End PBXFrameworksBuildPhase section */

/* Begin PBXGroup section */
		0FA1EFD3539C219AC64BB093 /* Pods */ = {
			isa = PBXGroup;
			children = (
				D87BFB185D13A7B18277C626 /* Pods-Desafio Framework Digital.debug.xcconfig */,
				BEA30216808B4F876810C5B9 /* Pods-Desafio Framework Digital.release.xcconfig */,
				70E071CE776D2839C5FB6C32 /* Pods-Desafio Framework Digital-Desafio Framework DigitalUITests.debug.xcconfig */,
				769A9D09D7D43785A74719CB /* Pods-Desafio Framework Digital-Desafio Framework DigitalUITests.release.xcconfig */,
				2A645213807C581A4A0CF89A /* Pods-Desafio Framework DigitalTests.debug.xcconfig */,
				67B321C26876583CF687709B /* Pods-Desafio Framework DigitalTests.release.xcconfig */,
			);
			name = Pods;
			path = Pods;
			sourceTree = "<group>";
		};
		7FD8CB4CB4D0D4589AF268D7 /* Frameworks */ = {
			isa = PBXGroup;
			children = (
				5803C2EFB3177D42EC500C9F /* Pods_Desafio_Framework_Digital.framework */,
				295B186D71EFCAAC505A94E4 /* Pods_Desafio_Framework_Digital_Desafio_Framework_DigitalUITests.framework */,
				CE9A9E55EE28F158E8A84D1D /* Pods_Desafio_Framework_DigitalTests.framework */,
			);
			name = Frameworks;
			sourceTree = "<group>";
		};
		FDDCE53126CDD03F003F25FB = {
			isa = PBXGroup;
			children = (
				FDDCE53C26CDD03F003F25FB /* Desafio Framework Digital */,
				FDDCE55626CDD045003F25FB /* Desafio Framework DigitalTests */,
				FDDCE56126CDD045003F25FB /* Desafio Framework DigitalUITests */,
				FDDCE53B26CDD03F003F25FB /* Products */,
				0FA1EFD3539C219AC64BB093 /* Pods */,
				7FD8CB4CB4D0D4589AF268D7 /* Frameworks */,
			);
			sourceTree = "<group>";
		};
		FDDCE53B26CDD03F003F25FB /* Products */ = {
			isa = PBXGroup;
			children = (
				FDDCE53A26CDD03F003F25FB /* Desafio Framework Digital.app */,
				FDDCE55326CDD045003F25FB /* Desafio Framework DigitalTests.xctest */,
				FDDCE55E26CDD045003F25FB /* Desafio Framework DigitalUITests.xctest */,
			);
			name = Products;
			sourceTree = "<group>";
		};
		FDDCE53C26CDD03F003F25FB /* Desafio Framework Digital */ = {
			isa = PBXGroup;
			children = (
				FDDCE53D26CDD03F003F25FB /* AppDelegate.swift */,
				FDDCE53F26CDD03F003F25FB /* SceneDelegate.swift */,
				FDDCE54126CDD03F003F25FB /* ViewController.swift */,
				FDDCE54326CDD03F003F25FB /* Main.storyboard */,
				FDDCE54926CDD045003F25FB /* Assets.xcassets */,
				FDDCE54B26CDD045003F25FB /* LaunchScreen.storyboard */,
				FDDCE54E26CDD045003F25FB /* Info.plist */,
				FDDCE54626CDD03F003F25FB /* Desafio_Framework_Digital.xcdatamodeld */,
			);
			path = "Desafio Framework Digital";
			sourceTree = "<group>";
		};
		FDDCE55626CDD045003F25FB /* Desafio Framework DigitalTests */ = {
			isa = PBXGroup;
			children = (
				FDDCE55726CDD045003F25FB /* Desafio_Framework_DigitalTests.swift */,
				FDDCE55926CDD045003F25FB /* Info.plist */,
			);
			path = "Desafio Framework DigitalTests";
			sourceTree = "<group>";
		};
		FDDCE56126CDD045003F25FB /* Desafio Framework DigitalUITests */ = {
			isa = PBXGroup;
			children = (
				FDDCE56226CDD045003F25FB /* Desafio_Framework_DigitalUITests.swift */,
				FDDCE56426CDD045003F25FB /* Info.plist */,
			);
			path = "Desafio Framework DigitalUITests";
			sourceTree = "<group>";
		};
/* End PBXGroup section */

/* Begin PBXNativeTarget section */
		FDDCE53926CDD03F003F25FB /* Desafio Framework Digital */ = {
			isa = PBXNativeTarget;
			buildConfigurationList = FDDCE56726CDD045003F25FB /* Build configuration list for PBXNativeTarget "Desafio Framework Digital" */;
			buildPhases = (
				2B596C91E3D06D10F04AAB2F /* [CP] Check Pods Manifest.lock */,
				FDDCE53626CDD03F003F25FB /* Sources */,
				FDDCE53726CDD03F003F25FB /* Frameworks */,
				FDDCE53826CDD03F003F25FB /* Resources */,
			);
			buildRules = (
			);
			dependencies = (
			);
			name = "Desafio Framework Digital";
			productName = "Desafio Framework Digital";
			productReference = FDDCE53A26CDD03F003F25FB /* Desafio Framework Digital.app */;
			productType = "com.apple.product-type.application";
		};
		FDDCE55226CDD045003F25FB /* Desafio Framework DigitalTests */ = {
			isa = PBXNativeTarget;
			buildConfigurationList = FDDCE56A26CDD045003F25FB /* Build configuration list for PBXNativeTarget "Desafio Framework DigitalTests" */;
			buildPhases = (
				4DE83754C5381CBD4FD2D72E /* [CP] Check Pods Manifest.lock */,
				FDDCE54F26CDD045003F25FB /* Sources */,
				FDDCE55026CDD045003F25FB /* Frameworks */,
				FDDCE55126CDD045003F25FB /* Resources */,
			);
			buildRules = (
			);
			dependencies = (
				FDDCE55526CDD045003F25FB /* PBXTargetDependency */,
			);
			name = "Desafio Framework DigitalTests";
			productName = "Desafio Framework DigitalTests";
			productReference = FDDCE55326CDD045003F25FB /* Desafio Framework DigitalTests.xctest */;
			productType = "com.apple.product-type.bundle.unit-test";
		};
		FDDCE55D26CDD045003F25FB /* Desafio Framework DigitalUITests */ = {
			isa = PBXNativeTarget;
			buildConfigurationList = FDDCE56D26CDD045003F25FB /* Build configuration list for PBXNativeTarget "Desafio Framework DigitalUITests" */;
			buildPhases = (
				0198B5E228EEA587E8142741 /* [CP] Check Pods Manifest.lock */,
				FDDCE55A26CDD045003F25FB /* Sources */,
				FDDCE55B26CDD045003F25FB /* Frameworks */,
				FDDCE55C26CDD045003F25FB /* Resources */,
			);
			buildRules = (
			);
			dependencies = (
				FDDCE56026CDD045003F25FB /* PBXTargetDependency */,
			);
			name = "Desafio Framework DigitalUITests";
			productName = "Desafio Framework DigitalUITests";
			productReference = FDDCE55E26CDD045003F25FB /* Desafio Framework DigitalUITests.xctest */;
			productType = "com.apple.product-type.bundle.ui-testing";
		};
/* End PBXNativeTarget section */

/* Begin PBXProject section */
		FDDCE53226CDD03F003F25FB /* Project object */ = {
			isa = PBXProject;
			attributes = {
				LastSwiftUpdateCheck = 1250;
				LastUpgradeCheck = 1250;
				TargetAttributes = {
					FDDCE53926CDD03F003F25FB = {
						CreatedOnToolsVersion = 12.5.1;
					};
					FDDCE55226CDD045003F25FB = {
						CreatedOnToolsVersion = 12.5.1;
						TestTargetID = FDDCE53926CDD03F003F25FB;
					};
					FDDCE55D26CDD045003F25FB = {
						CreatedOnToolsVersion = 12.5.1;
						TestTargetID = FDDCE53926CDD03F003F25FB;
					};
				};
			};
			buildConfigurationList = FDDCE53526CDD03F003F25FB /* Build configuration list for PBXProject "Desafio Framework Digital" */;
			compatibilityVersion = "Xcode 9.3";
			developmentRegion = en;
			hasScannedForEncodings = 0;
			knownRegions = (
				en,
				Base,
			);
			mainGroup = FDDCE53126CDD03F003F25FB;
			productRefGroup = FDDCE53B26CDD03F003F25FB /* Products */;
			projectDirPath = "";
			projectRoot = "";
			targets = (
				FDDCE53926CDD03F003F25FB /* Desafio Framework Digital */,
				FDDCE55226CDD045003F25FB /* Desafio Framework DigitalTests */,
				FDDCE55D26CDD045003F25FB /* Desafio Framework DigitalUITests */,
			);
		};
/* End PBXProject section */

/* Begin PBXResourcesBuildPhase section */
		FDDCE53826CDD03F003F25FB /* Resources */ = {
			isa = PBXResourcesBuildPhase;
			buildActionMask = 2147483647;
			files = (
				FDDCE54D26CDD045003F25FB /* LaunchScreen.storyboard in Resources */,
				FDDCE54A26CDD045003F25FB /* Assets.xcassets in Resources */,
				FDDCE54526CDD03F003F25FB /* Main.storyboard in Resources */,
			);
			runOnlyForDeploymentPostprocessing = 0;
		};
		FDDCE55126CDD045003F25FB /* Resources */ = {
			isa = PBXResourcesBuildPhase;
			buildActionMask = 2147483647;
			files = (
			);
			runOnlyForDeploymentPostprocessing = 0;
		};
		FDDCE55C26CDD045003F25FB /* Resources */ = {
			isa = PBXResourcesBuildPhase;
			buildActionMask = 2147483647;
			files = (
			);
			runOnlyForDeploymentPostprocessing = 0;
		};
/* End PBXResourcesBuildPhase section */

/* Begin PBXShellScriptBuildPhase section */
		0198B5E228EEA587E8142741 /* [CP] Check Pods Manifest.lock */ = {
			isa = PBXShellScriptBuildPhase;
			buildActionMask = 2147483647;
			files = (
			);
			inputFileListPaths = (
			);
			inputPaths = (
				"${PODS_PODFILE_DIR_PATH}/Podfile.lock",
				"${PODS_ROOT}/Manifest.lock",
			);
			name = "[CP] Check Pods Manifest.lock";
			outputFileListPaths = (
			);
			outputPaths = (
				"$(DERIVED_FILE_DIR)/Pods-Desafio Framework Digital-Desafio Framework DigitalUITests-checkManifestLockResult.txt",
			);
			runOnlyForDeploymentPostprocessing = 0;
			shellPath = /bin/sh;
			shellScript = "diff \"${PODS_PODFILE_DIR_PATH}/Podfile.lock\" \"${PODS_ROOT}/Manifest.lock\" > /dev/null\nif [ $? != 0 ] ; then\n    # print error to STDERR\n    echo \"error: The sandbox is not in sync with the Podfile.lock. Run 'pod install' or update your CocoaPods installation.\" >&2\n    exit 1\nfi\n# This output is used by Xcode 'outputs' to avoid re-running this script phase.\necho \"SUCCESS\" > \"${SCRIPT_OUTPUT_FILE_0}\"\n";
			showEnvVarsInLog = 0;
		};
		2B596C91E3D06D10F04AAB2F /* [CP] Check Pods Manifest.lock */ = {
			isa = PBXShellScriptBuildPhase;
			buildActionMask = 2147483647;
			files = (
			);
			inputFileListPaths = (
			);
			inputPaths = (
				"${PODS_PODFILE_DIR_PATH}/Podfile.lock",
				"${PODS_ROOT}/Manifest.lock",
			);
			name = "[CP] Check Pods Manifest.lock";
			outputFileListPaths = (
			);
			outputPaths = (
				"$(DERIVED_FILE_DIR)/Pods-Desafio Framework Digital-checkManifestLockResult.txt",
			);
			runOnlyForDeploymentPostprocessing = 0;
			shellPath = /bin/sh;
			shellScript = "diff \"${PODS_PODFILE_DIR_PATH}/Podfile.lock\" \"${PODS_ROOT}/Manifest.lock\" > /dev/null\nif [ $? != 0 ] ; then\n    # print error to STDERR\n    echo \"error: The sandbox is not in sync with the Podfile.lock. Run 'pod install' or update your CocoaPods installation.\" >&2\n    exit 1\nfi\n# This output is used by Xcode 'outputs' to avoid re-running this script phase.\necho \"SUCCESS\" > \"${SCRIPT_OUTPUT_FILE_0}\"\n";
			showEnvVarsInLog = 0;
		};
		4DE83754C5381CBD4FD2D72E /* [CP] Check Pods Manifest.lock */ = {
			isa = PBXShellScriptBuildPhase;
			buildActionMask = 2147483647;
			files = (
			);
			inputFileListPaths = (
			);
			inputPaths = (
				"${PODS_PODFILE_DIR_PATH}/Podfile.lock",
				"${PODS_ROOT}/Manifest.lock",
			);
			name = "[CP] Check Pods Manifest.lock";
			outputFileListPaths = (
			);
			outputPaths = (
				"$(DERIVED_FILE_DIR)/Pods-Desafio Framework DigitalTests-checkManifestLockResult.txt",
			);
			runOnlyForDeploymentPostprocessing = 0;
			shellPath = /bin/sh;
			shellScript = "diff \"${PODS_PODFILE_DIR_PATH}/Podfile.lock\" \"${PODS_ROOT}/Manifest.lock\" > /dev/null\nif [ $? != 0 ] ; then\n    # print error to STDERR\n    echo \"error: The sandbox is not in sync with the Podfile.lock. Run 'pod install' or update your CocoaPods installation.\" >&2\n    exit 1\nfi\n# This output is used by Xcode 'outputs' to avoid re-running this script phase.\necho \"SUCCESS\" > \"${SCRIPT_OUTPUT_FILE_0}\"\n";
			showEnvVarsInLog = 0;
		};
/* End PBXShellScriptBuildPhase section */

/* Begin PBXSourcesBuildPhase section */
		FDDCE53626CDD03F003F25FB /* Sources */ = {
			isa = PBXSourcesBuildPhase;
			buildActionMask = 2147483647;
			files = (
				FDDCE54226CDD03F003F25FB /* ViewController.swift in Sources */,
				FDDCE53E26CDD03F003F25FB /* AppDelegate.swift in Sources */,
				FDDCE54026CDD03F003F25FB /* SceneDelegate.swift in Sources */,
				FDDCE54826CDD03F003F25FB /* Desafio_Framework_Digital.xcdatamodeld in Sources */,
			);
			runOnlyForDeploymentPostprocessing = 0;
		};
		FDDCE54F26CDD045003F25FB /* Sources */ = {
			isa = PBXSourcesBuildPhase;
			buildActionMask = 2147483647;
			files = (
				FDDCE55826CDD045003F25FB /* Desafio_Framework_DigitalTests.swift in Sources */,
			);
			runOnlyForDeploymentPostprocessing = 0;
		};
		FDDCE55A26CDD045003F25FB /* Sources */ = {
			isa = PBXSourcesBuildPhase;
			buildActionMask = 2147483647;
			files = (
				FDDCE56326CDD045003F25FB /* Desafio_Framework_DigitalUITests.swift in Sources */,
			);
			runOnlyForDeploymentPostprocessing = 0;
		};
/* End PBXSourcesBuildPhase section */

/* Begin PBXTargetDependency section */
		FDDCE55526CDD045003F25FB /* PBXTargetDependency */ = {
			isa = PBXTargetDependency;
			target = FDDCE53926CDD03F003F25FB /* Desafio Framework Digital */;
			targetProxy = FDDCE55426CDD045003F25FB /* PBXContainerItemProxy */;
		};
		FDDCE56026CDD045003F25FB /* PBXTargetDependency */ = {
			isa = PBXTargetDependency;
			target = FDDCE53926CDD03F003F25FB /* Desafio Framework Digital */;
			targetProxy = FDDCE55F26CDD045003F25FB /* PBXContainerItemProxy */;
		};
/* End PBXTargetDependency section */

/* Begin PBXVariantGroup section */
		FDDCE54326CDD03F003F25FB /* Main.storyboard */ = {
			isa = PBXVariantGroup;
			children = (
				FDDCE54426CDD03F003F25FB /* Base */,
			);
			name = Main.storyboard;
			sourceTree = "<group>";
		};
		FDDCE54B26CDD045003F25FB /* LaunchScreen.storyboard */ = {
			isa = PBXVariantGroup;
			children = (
				FDDCE54C26CDD045003F25FB /* Base */,
			);
			name = LaunchScreen.storyboard;
			sourceTree = "<group>";
		};
/* End PBXVariantGroup section */

/* Begin XCBuildConfiguration section */
		FDDCE56526CDD045003F25FB /* Debug */ = {
			isa = XCBuildConfiguration;
			buildSettings = {
				ALWAYS_SEARCH_USER_PATHS = NO;
				CLANG_ANALYZER_NONNULL = YES;
				CLANG_ANALYZER_NUMBER_OBJECT_CONVERSION = YES_AGGRESSIVE;
				CLANG_CXX_LANGUAGE_STANDARD = "gnu++14";
				CLANG_CXX_LIBRARY = "libc++";
				CLANG_ENABLE_MODULES = YES;
				CLANG_ENABLE_OBJC_ARC = YES;
				CLANG_ENABLE_OBJC_WEAK = YES;
				CLANG_WARN_BLOCK_CAPTURE_AUTORELEASING = YES;
				CLANG_WARN_BOOL_CONVERSION = YES;
				CLANG_WARN_COMMA = YES;
				CLANG_WARN_CONSTANT_CONVERSION = YES;
				CLANG_WARN_DEPRECATED_OBJC_IMPLEMENTATIONS = YES;
				CLANG_WARN_DIRECT_OBJC_ISA_USAGE = YES_ERROR;
				CLANG_WARN_DOCUMENTATION_COMMENTS = YES;
				CLANG_WARN_EMPTY_BODY = YES;
				CLANG_WARN_ENUM_CONVERSION = YES;
				CLANG_WARN_INFINITE_RECURSION = YES;
				CLANG_WARN_INT_CONVERSION = YES;
				CLANG_WARN_NON_LITERAL_NULL_CONVERSION = YES;
				CLANG_WARN_OBJC_IMPLICIT_RETAIN_SELF = YES;
				CLANG_WARN_OBJC_LITERAL_CONVERSION = YES;
				CLANG_WARN_OBJC_ROOT_CLASS = YES_ERROR;
				CLANG_WARN_QUOTED_INCLUDE_IN_FRAMEWORK_HEADER = YES;
				CLANG_WARN_RANGE_LOOP_ANALYSIS = YES;
				CLANG_WARN_STRICT_PROTOTYPES = YES;
				CLANG_WARN_SUSPICIOUS_MOVE = YES;
				CLANG_WARN_UNGUARDED_AVAILABILITY = YES_AGGRESSIVE;
				CLANG_WARN_UNREACHABLE_CODE = YES;
				CLANG_WARN__DUPLICATE_METHOD_MATCH = YES;
				COPY_PHASE_STRIP = NO;
				DEBUG_INFORMATION_FORMAT = dwarf;
				ENABLE_STRICT_OBJC_MSGSEND = YES;
				ENABLE_TESTABILITY = YES;
				GCC_C_LANGUAGE_STANDARD = gnu11;
				GCC_DYNAMIC_NO_PIC = NO;
				GCC_NO_COMMON_BLOCKS = YES;
				GCC_OPTIMIZATION_LEVEL = 0;
				GCC_PREPROCESSOR_DEFINITIONS = (
					"DEBUG=1",
					"$(inherited)",
				);
				GCC_WARN_64_TO_32_BIT_CONVERSION = YES;
				GCC_WARN_ABOUT_RETURN_TYPE = YES_ERROR;
				GCC_WARN_UNDECLARED_SELECTOR = YES;
				GCC_WARN_UNINITIALIZED_AUTOS = YES_AGGRESSIVE;
				GCC_WARN_UNUSED_FUNCTION = YES;
				GCC_WARN_UNUSED_VARIABLE = YES;
				IPHONEOS_DEPLOYMENT_TARGET = 14.5;
				MTL_ENABLE_DEBUG_INFO = INCLUDE_SOURCE;
				MTL_FAST_MATH = YES;
				ONLY_ACTIVE_ARCH = YES;
				SDKROOT = iphoneos;
				SWIFT_ACTIVE_COMPILATION_CONDITIONS = DEBUG;
				SWIFT_OPTIMIZATION_LEVEL = "-Onone";
			};
			name = Debug;
		};
		FDDCE56626CDD045003F25FB /* Release */ = {
			isa = XCBuildConfiguration;
			buildSettings = {
				ALWAYS_SEARCH_USER_PATHS = NO;
				CLANG_ANALYZER_NONNULL = YES;
				CLANG_ANALYZER_NUMBER_OBJECT_CONVERSION = YES_AGGRESSIVE;
				CLANG_CXX_LANGUAGE_STANDARD = "gnu++14";
				CLANG_CXX_LIBRARY = "libc++";
				CLANG_ENABLE_MODULES = YES;
				CLANG_ENABLE_OBJC_ARC = YES;
				CLANG_ENABLE_OBJC_WEAK = YES;
				CLANG_WARN_BLOCK_CAPTURE_AUTORELEASING = YES;
				CLANG_WARN_BOOL_CONVERSION = YES;
				CLANG_WARN_COMMA = YES;
				CLANG_WARN_CONSTANT_CONVERSION = YES;
				CLANG_WARN_DEPRECATED_OBJC_IMPLEMENTATIONS = YES;
				CLANG_WARN_DIRECT_OBJC_ISA_USAGE = YES_ERROR;
				CLANG_WARN_DOCUMENTATION_COMMENTS = YES;
				CLANG_WARN_EMPTY_BODY = YES;
				CLANG_WARN_ENUM_CONVERSION = YES;
				CLANG_WARN_INFINITE_RECURSION = YES;
				CLANG_WARN_INT_CONVERSION = YES;
				CLANG_WARN_NON_LITERAL_NULL_CONVERSION = YES;
				CLANG_WARN_OBJC_IMPLICIT_RETAIN_SELF = YES;
				CLANG_WARN_OBJC_LITERAL_CONVERSION = YES;
				CLANG_WARN_OBJC_ROOT_CLASS = YES_ERROR;
				CLANG_WARN_QUOTED_INCLUDE_IN_FRAMEWORK_HEADER = YES;
				CLANG_WARN_RANGE_LOOP_ANALYSIS = YES;
				CLANG_WARN_STRICT_PROTOTYPES = YES;
				CLANG_WARN_SUSPICIOUS_MOVE = YES;
				CLANG_WARN_UNGUARDED_AVAILABILITY = YES_AGGRESSIVE;
				CLANG_WARN_UNREACHABLE_CODE = YES;
				CLANG_WARN__DUPLICATE_METHOD_MATCH = YES;
				COPY_PHASE_STRIP = NO;
				DEBUG_INFORMATION_FORMAT = "dwarf-with-dsym";
				ENABLE_NS_ASSERTIONS = NO;
				ENABLE_STRICT_OBJC_MSGSEND = YES;
				GCC_C_LANGUAGE_STANDARD = gnu11;
				GCC_NO_COMMON_BLOCKS = YES;
				GCC_WARN_64_TO_32_BIT_CONVERSION = YES;
				GCC_WARN_ABOUT_RETURN_TYPE = YES_ERROR;
				GCC_WARN_UNDECLARED_SELECTOR = YES;
				GCC_WARN_UNINITIALIZED_AUTOS = YES_AGGRESSIVE;
				GCC_WARN_UNUSED_FUNCTION = YES;
				GCC_WARN_UNUSED_VARIABLE = YES;
				IPHONEOS_DEPLOYMENT_TARGET = 14.5;
				MTL_ENABLE_DEBUG_INFO = NO;
				MTL_FAST_MATH = YES;
				SDKROOT = iphoneos;
				SWIFT_COMPILATION_MODE = wholemodule;
				SWIFT_OPTIMIZATION_LEVEL = "-O";
				VALIDATE_PRODUCT = YES;
			};
			name = Release;
		};
		FDDCE56826CDD045003F25FB /* Debug */ = {
			isa = XCBuildConfiguration;
			baseConfigurationReference = D87BFB185D13A7B18277C626 /* Pods-Desafio Framework Digital.debug.xcconfig */;
			buildSettings = {
				ASSETCATALOG_COMPILER_APPICON_NAME = AppIcon;
				ASSETCATALOG_COMPILER_GLOBAL_ACCENT_COLOR_NAME = AccentColor;
				CODE_SIGN_STYLE = Automatic;
				DEVELOPMENT_TEAM = 7DQM8J3NWG;
				INFOPLIST_FILE = "Desafio Framework Digital/Info.plist";
				LD_RUNPATH_SEARCH_PATHS = (
					"$(inherited)",
					"@executable_path/Frameworks",
				);
				PRODUCT_BUNDLE_IDENTIFIER = "br.edu.infnet.al-rodrigo.filomeno.Desafio-Framework-Digital";
				PRODUCT_NAME = "$(TARGET_NAME)";
				SWIFT_VERSION = 5.0;
				TARGETED_DEVICE_FAMILY = 1;
			};
			name = Debug;
		};
		FDDCE56926CDD045003F25FB /* Release */ = {
			isa = XCBuildConfiguration;
			baseConfigurationReference = BEA30216808B4F876810C5B9 /* Pods-Desafio Framework Digital.release.xcconfig */;
			buildSettings = {
				ASSETCATALOG_COMPILER_APPICON_NAME = AppIcon;
				ASSETCATALOG_COMPILER_GLOBAL_ACCENT_COLOR_NAME = AccentColor;
				CODE_SIGN_STYLE = Automatic;
				DEVELOPMENT_TEAM = 7DQM8J3NWG;
				INFOPLIST_FILE = "Desafio Framework Digital/Info.plist";
				LD_RUNPATH_SEARCH_PATHS = (
					"$(inherited)",
					"@executable_path/Frameworks",
				);
				PRODUCT_BUNDLE_IDENTIFIER = "br.edu.infnet.al-rodrigo.filomeno.Desafio-Framework-Digital";
				PRODUCT_NAME = "$(TARGET_NAME)";
				SWIFT_VERSION = 5.0;
				TARGETED_DEVICE_FAMILY = 1;
			};
			name = Release;
		};
		FDDCE56B26CDD045003F25FB /* Debug */ = {
			isa = XCBuildConfiguration;
			baseConfigurationReference = 2A645213807C581A4A0CF89A /* Pods-Desafio Framework DigitalTests.debug.xcconfig */;
			buildSettings = {
				ALWAYS_EMBED_SWIFT_STANDARD_LIBRARIES = YES;
				BUNDLE_LOADER = "$(TEST_HOST)";
				CODE_SIGN_STYLE = Automatic;
				DEVELOPMENT_TEAM = 7DQM8J3NWG;
				INFOPLIST_FILE = "Desafio Framework DigitalTests/Info.plist";
				IPHONEOS_DEPLOYMENT_TARGET = 14.5;
				LD_RUNPATH_SEARCH_PATHS = (
					"$(inherited)",
					"@executable_path/Frameworks",
					"@loader_path/Frameworks",
				);
				PRODUCT_BUNDLE_IDENTIFIER = "br.edu.infnet.al-rodrigo.filomeno.Desafio-Framework-DigitalTests";
				PRODUCT_NAME = "$(TARGET_NAME)";
				SWIFT_VERSION = 5.0;
				TARGETED_DEVICE_FAMILY = "1,2";
				TEST_HOST = "$(BUILT_PRODUCTS_DIR)/Desafio Framework Digital.app/Desafio Framework Digital";
			};
			name = Debug;
		};
		FDDCE56C26CDD045003F25FB /* Release */ = {
			isa = XCBuildConfiguration;
			baseConfigurationReference = 67B321C26876583CF687709B /* Pods-Desafio Framework DigitalTests.release.xcconfig */;
			buildSettings = {
				ALWAYS_EMBED_SWIFT_STANDARD_LIBRARIES = YES;
				BUNDLE_LOADER = "$(TEST_HOST)";
				CODE_SIGN_STYLE = Automatic;
				DEVELOPMENT_TEAM = 7DQM8J3NWG;
				INFOPLIST_FILE = "Desafio Framework DigitalTests/Info.plist";
				IPHONEOS_DEPLOYMENT_TARGET = 14.5;
				LD_RUNPATH_SEARCH_PATHS = (
					"$(inherited)",
					"@executable_path/Frameworks",
					"@loader_path/Frameworks",
				);
				PRODUCT_BUNDLE_IDENTIFIER = "br.edu.infnet.al-rodrigo.filomeno.Desafio-Framework-DigitalTests";
				PRODUCT_NAME = "$(TARGET_NAME)";
				SWIFT_VERSION = 5.0;
				TARGETED_DEVICE_FAMILY = "1,2";
				TEST_HOST = "$(BUILT_PRODUCTS_DIR)/Desafio Framework Digital.app/Desafio Framework Digital";
			};
			name = Release;
		};
		FDDCE56E26CDD045003F25FB /* Debug */ = {
			isa = XCBuildConfiguration;
			baseConfigurationReference = 70E071CE776D2839C5FB6C32 /* Pods-Desafio Framework Digital-Desafio Framework DigitalUITests.debug.xcconfig */;
			buildSettings = {
				ALWAYS_EMBED_SWIFT_STANDARD_LIBRARIES = YES;
				CODE_SIGN_STYLE = Automatic;
				DEVELOPMENT_TEAM = 7DQM8J3NWG;
				INFOPLIST_FILE = "Desafio Framework DigitalUITests/Info.plist";
				LD_RUNPATH_SEARCH_PATHS = (
					"$(inherited)",
					"@executable_path/Frameworks",
					"@loader_path/Frameworks",
				);
				PRODUCT_BUNDLE_IDENTIFIER = "br.edu.infnet.al-rodrigo.filomeno.Desafio-Framework-DigitalUITests";
				PRODUCT_NAME = "$(TARGET_NAME)";
				SWIFT_VERSION = 5.0;
				TARGETED_DEVICE_FAMILY = "1,2";
				TEST_TARGET_NAME = "Desafio Framework Digital";
			};
			name = Debug;
		};
		FDDCE56F26CDD045003F25FB /* Release */ = {
			isa = XCBuildConfiguration;
			baseConfigurationReference = 769A9D09D7D43785A74719CB /* Pods-Desafio Framework Digital-Desafio Framework DigitalUITests.release.xcconfig */;
			buildSettings = {
				ALWAYS_EMBED_SWIFT_STANDARD_LIBRARIES = YES;
				CODE_SIGN_STYLE = Automatic;
				DEVELOPMENT_TEAM = 7DQM8J3NWG;
				INFOPLIST_FILE = "Desafio Framework DigitalUITests/Info.plist";
				LD_RUNPATH_SEARCH_PATHS = (
					"$(inherited)",
					"@executable_path/Frameworks",
					"@loader_path/Frameworks",
				);
				PRODUCT_BUNDLE_IDENTIFIER = "br.edu.infnet.al-rodrigo.filomeno.Desafio-Framework-DigitalUITests";
				PRODUCT_NAME = "$(TARGET_NAME)";
				SWIFT_VERSION = 5.0;
				TARGETED_DEVICE_FAMILY = "1,2";
				TEST_TARGET_NAME = "Desafio Framework Digital";
			};
			name = Release;
		};
/* End XCBuildConfiguration section */

/* Begin XCConfigurationList section */
		FDDCE53526CDD03F003F25FB /* Build configuration list for PBXProject "Desafio Framework Digital" */ = {
			isa = XCConfigurationList;
			buildConfigurations = (
				FDDCE56526CDD045003F25FB /* Debug */,
				FDDCE56626CDD045003F25FB /* Release */,
			);
			defaultConfigurationIsVisible = 0;
			defaultConfigurationName = Release;
		};
		FDDCE56726CDD045003F25FB /* Build configuration list for PBXNativeTarget "Desafio Framework Digital" */ = {
			isa = XCConfigurationList;
			buildConfigurations = (
				FDDCE56826CDD045003F25FB /* Debug */,
				FDDCE56926CDD045003F25FB /* Release */,
			);
			defaultConfigurationIsVisible = 0;
			defaultConfigurationName = Release;
		};
		FDDCE56A26CDD045003F25FB /* Build configuration list for PBXNativeTarget "Desafio Framework DigitalTests" */ = {
			isa = XCConfigurationList;
			buildConfigurations = (
				FDDCE56B26CDD045003F25FB /* Debug */,
				FDDCE56C26CDD045003F25FB /* Release */,
			);
			defaultConfigurationIsVisible = 0;
			defaultConfigurationName = Release;
		};
		FDDCE56D26CDD045003F25FB /* Build configuration list for PBXNativeTarget "Desafio Framework DigitalUITests" */ = {
			isa = XCConfigurationList;
			buildConfigurations = (
				FDDCE56E26CDD045003F25FB /* Debug */,
				FDDCE56F26CDD045003F25FB /* Release */,
			);
			defaultConfigurationIsVisible = 0;
			defaultConfigurationName = Release;
		};
/* End XCConfigurationList section */

/* Begin XCVersionGroup section */
		FDDCE54626CDD03F003F25FB /* Desafio_Framework_Digital.xcdatamodeld */ = {
			isa = XCVersionGroup;
			children = (
				FDDCE54726CDD03F003F25FB /* Desafio_Framework_Digital.xcdatamodel */,
			);
			currentVersion = FDDCE54726CDD03F003F25FB /* Desafio_Framework_Digital.xcdatamodel */;
			path = Desafio_Framework_Digital.xcdatamodeld;
			sourceTree = "<group>";
			versionGroupType = wrapper.xcdatamodel;
		};
/* End XCVersionGroup section */
	};
	rootObject = FDDCE53226CDD03F003F25FB /* Project object */;
}
